// !$*UTF8*$!
{
	archiveVersion = 1;
	classes = {
	};
	objectVersion = 51;
	objects = {

/* Begin PBXBuildFile section */
		472E2081244979C2005915A0 /* GameManager.swift in Sources */ = {isa = PBXBuildFile; fileRef = 472E2080244979C2005915A0 /* GameManager.swift */; };
		47625DD7244A38CC0041E62D /* NewGame.swift in Sources */ = {isa = PBXBuildFile; fileRef = 47625DD6244A38CC0041E62D /* NewGame.swift */; };
		47625DD9244A44FF0041E62D /* ErrorResponse.swift in Sources */ = {isa = PBXBuildFile; fileRef = 47625DD8244A44FF0041E62D /* ErrorResponse.swift */; };
		479E2A0B244744EC004BF702 /* AppDelegate.swift in Sources */ = {isa = PBXBuildFile; fileRef = 479E2A0A244744EC004BF702 /* AppDelegate.swift */; };
		479E2A0D244744EC004BF702 /* GameScene.sks in Resources */ = {isa = PBXBuildFile; fileRef = 479E2A0C244744EC004BF702 /* GameScene.sks */; };
		479E2A0F244744EC004BF702 /* Actions.sks in Resources */ = {isa = PBXBuildFile; fileRef = 479E2A0E244744EC004BF702 /* Actions.sks */; };
		479E2A11244744EC004BF702 /* GameScene.swift in Sources */ = {isa = PBXBuildFile; fileRef = 479E2A10244744EC004BF702 /* GameScene.swift */; };
		479E2A13244744EC004BF702 /* GameViewController.swift in Sources */ = {isa = PBXBuildFile; fileRef = 479E2A12244744EC004BF702 /* GameViewController.swift */; };
		479E2A16244744EC004BF702 /* Main.storyboard in Resources */ = {isa = PBXBuildFile; fileRef = 479E2A14244744EC004BF702 /* Main.storyboard */; };
		479E2A18244744EF004BF702 /* Assets.xcassets in Resources */ = {isa = PBXBuildFile; fileRef = 479E2A17244744EF004BF702 /* Assets.xcassets */; };
		479E2A1B244744EF004BF702 /* LaunchScreen.storyboard in Resources */ = {isa = PBXBuildFile; fileRef = 479E2A19244744EF004BF702 /* LaunchScreen.storyboard */; };
		479E2A26244744EF004BF702 /* BlefTests.swift in Sources */ = {isa = PBXBuildFile; fileRef = 479E2A25244744EF004BF702 /* BlefTests.swift */; };
		479E2A31244744EF004BF702 /* BlefUITests.swift in Sources */ = {isa = PBXBuildFile; fileRef = 479E2A30244744EF004BF702 /* BlefUITests.swift */; };
		47F035F7244B0BFE000136C1 /* Game.swift in Sources */ = {isa = PBXBuildFile; fileRef = 47F035F6244B0BFE000136C1 /* Game.swift */; };
		47F2E91C2448BF37006DCB5C /* StartScene.sks in Resources */ = {isa = PBXBuildFile; fileRef = 47F2E91B2448BF37006DCB5C /* StartScene.sks */; };
		47F2E91E2448C268006DCB5C /* StartScene.swift in Sources */ = {isa = PBXBuildFile; fileRef = 47F2E91D2448C268006DCB5C /* StartScene.swift */; };
		909A6366A928BC14D3C3C5F8 /* Pods_BlefTests.framework in Frameworks */ = {isa = PBXBuildFile; fileRef = 93007D374784C41898C88ECB /* Pods_BlefTests.framework */; };
		91E9E67A224F2B2D6A23750A /* Pods_Blef.framework in Frameworks */ = {isa = PBXBuildFile; fileRef = C305136BB8A7BA49A2A03F63 /* Pods_Blef.framework */; };
		C603CC85BD46A2B62BAEEDE4 /* Pods_Blef_BlefUITests.framework in Frameworks */ = {isa = PBXBuildFile; fileRef = C42C22E5B2ABD040557AAA63 /* Pods_Blef_BlefUITests.framework */; };
/* End PBXBuildFile section */

/* Begin PBXContainerItemProxy section */
		479E2A22244744EF004BF702 /* PBXContainerItemProxy */ = {
			isa = PBXContainerItemProxy;
			containerPortal = 479E29FF244744EC004BF702 /* Project object */;
			proxyType = 1;
			remoteGlobalIDString = 479E2A06244744EC004BF702;
			remoteInfo = Blef;
		};
		479E2A2D244744EF004BF702 /* PBXContainerItemProxy */ = {
			isa = PBXContainerItemProxy;
			containerPortal = 479E29FF244744EC004BF702 /* Project object */;
			proxyType = 1;
			remoteGlobalIDString = 479E2A06244744EC004BF702;
			remoteInfo = Blef;
		};
/* End PBXContainerItemProxy section */

/* Begin PBXFileReference section */
		222ABF8AD9CD78513D75CE1E /* Pods-Blef.release.xcconfig */ = {isa = PBXFileReference; includeInIndex = 1; lastKnownFileType = text.xcconfig; name = "Pods-Blef.release.xcconfig"; path = "Target Support Files/Pods-Blef/Pods-Blef.release.xcconfig"; sourceTree = "<group>"; };
		472E2080244979C2005915A0 /* GameManager.swift */ = {isa = PBXFileReference; lastKnownFileType = sourcecode.swift; path = GameManager.swift; sourceTree = "<group>"; };
		47625DD6244A38CC0041E62D /* NewGame.swift */ = {isa = PBXFileReference; lastKnownFileType = sourcecode.swift; path = NewGame.swift; sourceTree = "<group>"; };
		47625DD8244A44FF0041E62D /* ErrorResponse.swift */ = {isa = PBXFileReference; lastKnownFileType = sourcecode.swift; path = ErrorResponse.swift; sourceTree = "<group>"; };
		479E2A07244744EC004BF702 /* Blef.app */ = {isa = PBXFileReference; explicitFileType = wrapper.application; includeInIndex = 0; path = Blef.app; sourceTree = BUILT_PRODUCTS_DIR; };
		479E2A0A244744EC004BF702 /* AppDelegate.swift */ = {isa = PBXFileReference; lastKnownFileType = sourcecode.swift; path = AppDelegate.swift; sourceTree = "<group>"; };
		479E2A0C244744EC004BF702 /* GameScene.sks */ = {isa = PBXFileReference; lastKnownFileType = file.sks; path = GameScene.sks; sourceTree = "<group>"; };
		479E2A0E244744EC004BF702 /* Actions.sks */ = {isa = PBXFileReference; lastKnownFileType = file.sks; path = Actions.sks; sourceTree = "<group>"; };
		479E2A10244744EC004BF702 /* GameScene.swift */ = {isa = PBXFileReference; lastKnownFileType = sourcecode.swift; path = GameScene.swift; sourceTree = "<group>"; };
		479E2A12244744EC004BF702 /* GameViewController.swift */ = {isa = PBXFileReference; lastKnownFileType = sourcecode.swift; path = GameViewController.swift; sourceTree = "<group>"; };
		479E2A15244744EC004BF702 /* Base */ = {isa = PBXFileReference; lastKnownFileType = file.storyboard; name = Base; path = Base.lproj/Main.storyboard; sourceTree = "<group>"; };
		479E2A17244744EF004BF702 /* Assets.xcassets */ = {isa = PBXFileReference; lastKnownFileType = folder.assetcatalog; path = Assets.xcassets; sourceTree = "<group>"; };
		479E2A1A244744EF004BF702 /* Base */ = {isa = PBXFileReference; lastKnownFileType = file.storyboard; name = Base; path = Base.lproj/LaunchScreen.storyboard; sourceTree = "<group>"; };
		479E2A1C244744EF004BF702 /* Info.plist */ = {isa = PBXFileReference; lastKnownFileType = text.plist.xml; path = Info.plist; sourceTree = "<group>"; };
		479E2A21244744EF004BF702 /* BlefTests.xctest */ = {isa = PBXFileReference; explicitFileType = wrapper.cfbundle; includeInIndex = 0; path = BlefTests.xctest; sourceTree = BUILT_PRODUCTS_DIR; };
		479E2A25244744EF004BF702 /* BlefTests.swift */ = {isa = PBXFileReference; lastKnownFileType = sourcecode.swift; path = BlefTests.swift; sourceTree = "<group>"; };
		479E2A27244744EF004BF702 /* Info.plist */ = {isa = PBXFileReference; lastKnownFileType = text.plist.xml; path = Info.plist; sourceTree = "<group>"; };
		479E2A2C244744EF004BF702 /* BlefUITests.xctest */ = {isa = PBXFileReference; explicitFileType = wrapper.cfbundle; includeInIndex = 0; path = BlefUITests.xctest; sourceTree = BUILT_PRODUCTS_DIR; };
		479E2A30244744EF004BF702 /* BlefUITests.swift */ = {isa = PBXFileReference; lastKnownFileType = sourcecode.swift; path = BlefUITests.swift; sourceTree = "<group>"; };
		479E2A32244744EF004BF702 /* Info.plist */ = {isa = PBXFileReference; lastKnownFileType = text.plist.xml; path = Info.plist; sourceTree = "<group>"; };
		47F035F6244B0BFE000136C1 /* Game.swift */ = {isa = PBXFileReference; lastKnownFileType = sourcecode.swift; path = Game.swift; sourceTree = "<group>"; };
		47F2E91B2448BF37006DCB5C /* StartScene.sks */ = {isa = PBXFileReference; lastKnownFileType = file.sks; path = StartScene.sks; sourceTree = "<group>"; };
		47F2E91D2448C268006DCB5C /* StartScene.swift */ = {isa = PBXFileReference; lastKnownFileType = sourcecode.swift; path = StartScene.swift; sourceTree = "<group>"; };
		93007D374784C41898C88ECB /* Pods_BlefTests.framework */ = {isa = PBXFileReference; explicitFileType = wrapper.framework; includeInIndex = 0; path = Pods_BlefTests.framework; sourceTree = BUILT_PRODUCTS_DIR; };
		974D9EEC0762DB82523E4472 /* Pods-BlefTests.debug.xcconfig */ = {isa = PBXFileReference; includeInIndex = 1; lastKnownFileType = text.xcconfig; name = "Pods-BlefTests.debug.xcconfig"; path = "Target Support Files/Pods-BlefTests/Pods-BlefTests.debug.xcconfig"; sourceTree = "<group>"; };
		B865AE86C46ACA36206904BD /* Pods-Blef-BlefUITests.debug.xcconfig */ = {isa = PBXFileReference; includeInIndex = 1; lastKnownFileType = text.xcconfig; name = "Pods-Blef-BlefUITests.debug.xcconfig"; path = "Target Support Files/Pods-Blef-BlefUITests/Pods-Blef-BlefUITests.debug.xcconfig"; sourceTree = "<group>"; };
		C305136BB8A7BA49A2A03F63 /* Pods_Blef.framework */ = {isa = PBXFileReference; explicitFileType = wrapper.framework; includeInIndex = 0; path = Pods_Blef.framework; sourceTree = BUILT_PRODUCTS_DIR; };
		C42C22E5B2ABD040557AAA63 /* Pods_Blef_BlefUITests.framework */ = {isa = PBXFileReference; explicitFileType = wrapper.framework; includeInIndex = 0; path = Pods_Blef_BlefUITests.framework; sourceTree = BUILT_PRODUCTS_DIR; };
		ECF6182C272A9A79922F135D /* Pods-Blef.debug.xcconfig */ = {isa = PBXFileReference; includeInIndex = 1; lastKnownFileType = text.xcconfig; name = "Pods-Blef.debug.xcconfig"; path = "Target Support Files/Pods-Blef/Pods-Blef.debug.xcconfig"; sourceTree = "<group>"; };
		F2F560FAD5F5EB3F7043382A /* Pods-Blef-BlefUITests.release.xcconfig */ = {isa = PBXFileReference; includeInIndex = 1; lastKnownFileType = text.xcconfig; name = "Pods-Blef-BlefUITests.release.xcconfig"; path = "Target Support Files/Pods-Blef-BlefUITests/Pods-Blef-BlefUITests.release.xcconfig"; sourceTree = "<group>"; };
		F4754D6EFAB68AE4EE88393D /* Pods-BlefTests.release.xcconfig */ = {isa = PBXFileReference; includeInIndex = 1; lastKnownFileType = text.xcconfig; name = "Pods-BlefTests.release.xcconfig"; path = "Target Support Files/Pods-BlefTests/Pods-BlefTests.release.xcconfig"; sourceTree = "<group>"; };
/* End PBXFileReference section */

/* Begin PBXFrameworksBuildPhase section */
		479E2A04244744EC004BF702 /* Frameworks */ = {
			isa = PBXFrameworksBuildPhase;
			buildActionMask = 2147483647;
			files = (
				91E9E67A224F2B2D6A23750A /* Pods_Blef.framework in Frameworks */,
			);
			runOnlyForDeploymentPostprocessing = 0;
		};
		479E2A1E244744EF004BF702 /* Frameworks */ = {
			isa = PBXFrameworksBuildPhase;
			buildActionMask = 2147483647;
			files = (
				909A6366A928BC14D3C3C5F8 /* Pods_BlefTests.framework in Frameworks */,
			);
			runOnlyForDeploymentPostprocessing = 0;
		};
		479E2A29244744EF004BF702 /* Frameworks */ = {
			isa = PBXFrameworksBuildPhase;
			buildActionMask = 2147483647;
			files = (
				C603CC85BD46A2B62BAEEDE4 /* Pods_Blef_BlefUITests.framework in Frameworks */,
			);
			runOnlyForDeploymentPostprocessing = 0;
		};
/* End PBXFrameworksBuildPhase section */

/* Begin PBXGroup section */
		20D93C51D4CF8E46714D1505 /* Pods */ = {
			isa = PBXGroup;
			children = (
				ECF6182C272A9A79922F135D /* Pods-Blef.debug.xcconfig */,
				222ABF8AD9CD78513D75CE1E /* Pods-Blef.release.xcconfig */,
				B865AE86C46ACA36206904BD /* Pods-Blef-BlefUITests.debug.xcconfig */,
				F2F560FAD5F5EB3F7043382A /* Pods-Blef-BlefUITests.release.xcconfig */,
				974D9EEC0762DB82523E4472 /* Pods-BlefTests.debug.xcconfig */,
				F4754D6EFAB68AE4EE88393D /* Pods-BlefTests.release.xcconfig */,
			);
			path = Pods;
			sourceTree = "<group>";
		};
		46A24ECABCB861048B951704 /* Frameworks */ = {
			isa = PBXGroup;
			children = (
				C305136BB8A7BA49A2A03F63 /* Pods_Blef.framework */,
				C42C22E5B2ABD040557AAA63 /* Pods_Blef_BlefUITests.framework */,
				93007D374784C41898C88ECB /* Pods_BlefTests.framework */,
			);
			name = Frameworks;
			sourceTree = "<group>";
		};
		47625DDB244A48F00041E62D /* Model */ = {
			isa = PBXGroup;
			children = (
				472E2080244979C2005915A0 /* GameManager.swift */,
				47F035F6244B0BFE000136C1 /* Game.swift */,
				47625DD6244A38CC0041E62D /* NewGame.swift */,
			);
			name = Model;
			sourceTree = "<group>";
		};
		479E29FE244744EB004BF702 = {
			isa = PBXGroup;
			children = (
				479E2A09244744EC004BF702 /* Blef */,
				479E2A24244744EF004BF702 /* BlefTests */,
				479E2A2F244744EF004BF702 /* BlefUITests */,
				479E2A08244744EC004BF702 /* Products */,
				20D93C51D4CF8E46714D1505 /* Pods */,
				46A24ECABCB861048B951704 /* Frameworks */,
			);
			sourceTree = "<group>";
		};
		479E2A08244744EC004BF702 /* Products */ = {
			isa = PBXGroup;
			children = (
				479E2A07244744EC004BF702 /* Blef.app */,
				479E2A21244744EF004BF702 /* BlefTests.xctest */,
				479E2A2C244744EF004BF702 /* BlefUITests.xctest */,
			);
			name = Products;
			sourceTree = "<group>";
		};
		479E2A09244744EC004BF702 /* Blef */ = {
			isa = PBXGroup;
			children = (
				479E2A0A244744EC004BF702 /* AppDelegate.swift */,
				479E2A0C244744EC004BF702 /* GameScene.sks */,
				479E2A0E244744EC004BF702 /* Actions.sks */,
				479E2A10244744EC004BF702 /* GameScene.swift */,
				47F2E91B2448BF37006DCB5C /* StartScene.sks */,
				47F2E91D2448C268006DCB5C /* StartScene.swift */,
				47625DDB244A48F00041E62D /* Model */,
				47625DD8244A44FF0041E62D /* ErrorResponse.swift */,
				479E2A12244744EC004BF702 /* GameViewController.swift */,
				479E2A14244744EC004BF702 /* Main.storyboard */,
				479E2A17244744EF004BF702 /* Assets.xcassets */,
				479E2A19244744EF004BF702 /* LaunchScreen.storyboard */,
				479E2A1C244744EF004BF702 /* Info.plist */,
			);
			path = Blef;
			sourceTree = "<group>";
		};
		479E2A24244744EF004BF702 /* BlefTests */ = {
			isa = PBXGroup;
			children = (
				479E2A25244744EF004BF702 /* BlefTests.swift */,
				479E2A27244744EF004BF702 /* Info.plist */,
			);
			path = BlefTests;
			sourceTree = "<group>";
		};
		479E2A2F244744EF004BF702 /* BlefUITests */ = {
			isa = PBXGroup;
			children = (
				479E2A30244744EF004BF702 /* BlefUITests.swift */,
				479E2A32244744EF004BF702 /* Info.plist */,
			);
			path = BlefUITests;
			sourceTree = "<group>";
		};
/* End PBXGroup section */

/* Begin PBXNativeTarget section */
		479E2A06244744EC004BF702 /* Blef */ = {
			isa = PBXNativeTarget;
			buildConfigurationList = 479E2A35244744EF004BF702 /* Build configuration list for PBXNativeTarget "Blef" */;
			buildPhases = (
				683C0156A6DD5EB58E14210A /* [CP] Check Pods Manifest.lock */,
				479E2A03244744EC004BF702 /* Sources */,
				479E2A04244744EC004BF702 /* Frameworks */,
				479E2A05244744EC004BF702 /* Resources */,
				E741CD249A216F9DCFA69E16 /* [CP] Embed Pods Frameworks */,
			);
			buildRules = (
			);
			dependencies = (
			);
			name = Blef;
			productName = Blef;
			productReference = 479E2A07244744EC004BF702 /* Blef.app */;
			productType = "com.apple.product-type.application";
		};
		479E2A20244744EF004BF702 /* BlefTests */ = {
			isa = PBXNativeTarget;
			buildConfigurationList = 479E2A38244744EF004BF702 /* Build configuration list for PBXNativeTarget "BlefTests" */;
			buildPhases = (
				CF66E360B72BFD7E8F263082 /* [CP] Check Pods Manifest.lock */,
				479E2A1D244744EF004BF702 /* Sources */,
				479E2A1E244744EF004BF702 /* Frameworks */,
				479E2A1F244744EF004BF702 /* Resources */,
			);
			buildRules = (
			);
			dependencies = (
				479E2A23244744EF004BF702 /* PBXTargetDependency */,
			);
			name = BlefTests;
			productName = BlefTests;
			productReference = 479E2A21244744EF004BF702 /* BlefTests.xctest */;
			productType = "com.apple.product-type.bundle.unit-test";
		};
		479E2A2B244744EF004BF702 /* BlefUITests */ = {
			isa = PBXNativeTarget;
			buildConfigurationList = 479E2A3B244744EF004BF702 /* Build configuration list for PBXNativeTarget "BlefUITests" */;
			buildPhases = (
				6B659DA9884D587389EB708B /* [CP] Check Pods Manifest.lock */,
				479E2A28244744EF004BF702 /* Sources */,
				479E2A29244744EF004BF702 /* Frameworks */,
				479E2A2A244744EF004BF702 /* Resources */,
				8E6BCD5656E790ADEF6513D7 /* [CP] Embed Pods Frameworks */,
			);
			buildRules = (
			);
			dependencies = (
				479E2A2E244744EF004BF702 /* PBXTargetDependency */,
			);
			name = BlefUITests;
			productName = BlefUITests;
			productReference = 479E2A2C244744EF004BF702 /* BlefUITests.xctest */;
			productType = "com.apple.product-type.bundle.ui-testing";
		};
/* End PBXNativeTarget section */

/* Begin PBXProject section */
		479E29FF244744EC004BF702 /* Project object */ = {
			isa = PBXProject;
			attributes = {
				LastSwiftUpdateCheck = 1140;
				LastUpgradeCheck = 1140;
				ORGANIZATIONNAME = Blef;
				TargetAttributes = {
					479E2A06244744EC004BF702 = {
						CreatedOnToolsVersion = 11.4;
					};
					479E2A20244744EF004BF702 = {
						CreatedOnToolsVersion = 11.4;
						TestTargetID = 479E2A06244744EC004BF702;
					};
					479E2A2B244744EF004BF702 = {
						CreatedOnToolsVersion = 11.4;
						TestTargetID = 479E2A06244744EC004BF702;
					};
				};
			};
			buildConfigurationList = 479E2A02244744EC004BF702 /* Build configuration list for PBXProject "Blef" */;
			compatibilityVersion = "Xcode 9.3";
			developmentRegion = en;
			hasScannedForEncodings = 0;
			knownRegions = (
				en,
				Base,
			);
			mainGroup = 479E29FE244744EB004BF702;
			productRefGroup = 479E2A08244744EC004BF702 /* Products */;
			projectDirPath = "";
			projectRoot = "";
			targets = (
				479E2A06244744EC004BF702 /* Blef */,
				479E2A20244744EF004BF702 /* BlefTests */,
				479E2A2B244744EF004BF702 /* BlefUITests */,
			);
		};
/* End PBXProject section */

/* Begin PBXResourcesBuildPhase section */
		479E2A05244744EC004BF702 /* Resources */ = {
			isa = PBXResourcesBuildPhase;
			buildActionMask = 2147483647;
			files = (
				479E2A16244744EC004BF702 /* Main.storyboard in Resources */,
				479E2A0D244744EC004BF702 /* GameScene.sks in Resources */,
				479E2A18244744EF004BF702 /* Assets.xcassets in Resources */,
				47F2E91C2448BF37006DCB5C /* StartScene.sks in Resources */,
				479E2A1B244744EF004BF702 /* LaunchScreen.storyboard in Resources */,
				479E2A0F244744EC004BF702 /* Actions.sks in Resources */,
			);
			runOnlyForDeploymentPostprocessing = 0;
		};
		479E2A1F244744EF004BF702 /* Resources */ = {
			isa = PBXResourcesBuildPhase;
			buildActionMask = 2147483647;
			files = (
			);
			runOnlyForDeploymentPostprocessing = 0;
		};
		479E2A2A244744EF004BF702 /* Resources */ = {
			isa = PBXResourcesBuildPhase;
			buildActionMask = 2147483647;
			files = (
			);
			runOnlyForDeploymentPostprocessing = 0;
		};
/* End PBXResourcesBuildPhase section */

/* Begin PBXShellScriptBuildPhase section */
		683C0156A6DD5EB58E14210A /* [CP] Check Pods Manifest.lock */ = {
			isa = PBXShellScriptBuildPhase;
			buildActionMask = 2147483647;
			files = (
			);
			inputFileListPaths = (
			);
			inputPaths = (
				"${PODS_PODFILE_DIR_PATH}/Podfile.lock",
				"${PODS_ROOT}/Manifest.lock",
			);
			name = "[CP] Check Pods Manifest.lock";
			outputFileListPaths = (
			);
			outputPaths = (
				"$(DERIVED_FILE_DIR)/Pods-Blef-checkManifestLockResult.txt",
			);
			runOnlyForDeploymentPostprocessing = 0;
			shellPath = /bin/sh;
			shellScript = "diff \"${PODS_PODFILE_DIR_PATH}/Podfile.lock\" \"${PODS_ROOT}/Manifest.lock\" > /dev/null\nif [ $? != 0 ] ; then\n    # print error to STDERR\n    echo \"error: The sandbox is not in sync with the Podfile.lock. Run 'pod install' or update your CocoaPods installation.\" >&2\n    exit 1\nfi\n# This output is used by Xcode 'outputs' to avoid re-running this script phase.\necho \"SUCCESS\" > \"${SCRIPT_OUTPUT_FILE_0}\"\n";
			showEnvVarsInLog = 0;
		};
		6B659DA9884D587389EB708B /* [CP] Check Pods Manifest.lock */ = {
			isa = PBXShellScriptBuildPhase;
			buildActionMask = 2147483647;
			files = (
			);
			inputFileListPaths = (
			);
			inputPaths = (
				"${PODS_PODFILE_DIR_PATH}/Podfile.lock",
				"${PODS_ROOT}/Manifest.lock",
			);
			name = "[CP] Check Pods Manifest.lock";
			outputFileListPaths = (
			);
			outputPaths = (
				"$(DERIVED_FILE_DIR)/Pods-Blef-BlefUITests-checkManifestLockResult.txt",
			);
			runOnlyForDeploymentPostprocessing = 0;
			shellPath = /bin/sh;
			shellScript = "diff \"${PODS_PODFILE_DIR_PATH}/Podfile.lock\" \"${PODS_ROOT}/Manifest.lock\" > /dev/null\nif [ $? != 0 ] ; then\n    # print error to STDERR\n    echo \"error: The sandbox is not in sync with the Podfile.lock. Run 'pod install' or update your CocoaPods installation.\" >&2\n    exit 1\nfi\n# This output is used by Xcode 'outputs' to avoid re-running this script phase.\necho \"SUCCESS\" > \"${SCRIPT_OUTPUT_FILE_0}\"\n";
			showEnvVarsInLog = 0;
		};
		8E6BCD5656E790ADEF6513D7 /* [CP] Embed Pods Frameworks */ = {
			isa = PBXShellScriptBuildPhase;
			buildActionMask = 2147483647;
			files = (
			);
			inputFileListPaths = (
				"${PODS_ROOT}/Target Support Files/Pods-Blef-BlefUITests/Pods-Blef-BlefUITests-frameworks-${CONFIGURATION}-input-files.xcfilelist",
			);
			name = "[CP] Embed Pods Frameworks";
			outputFileListPaths = (
				"${PODS_ROOT}/Target Support Files/Pods-Blef-BlefUITests/Pods-Blef-BlefUITests-frameworks-${CONFIGURATION}-output-files.xcfilelist",
			);
			runOnlyForDeploymentPostprocessing = 0;
			shellPath = /bin/sh;
			shellScript = "\"${PODS_ROOT}/Target Support Files/Pods-Blef-BlefUITests/Pods-Blef-BlefUITests-frameworks.sh\"\n";
			showEnvVarsInLog = 0;
		};
		CF66E360B72BFD7E8F263082 /* [CP] Check Pods Manifest.lock */ = {
			isa = PBXShellScriptBuildPhase;
			buildActionMask = 2147483647;
			files = (
			);
			inputFileListPaths = (
			);
			inputPaths = (
				"${PODS_PODFILE_DIR_PATH}/Podfile.lock",
				"${PODS_ROOT}/Manifest.lock",
			);
			name = "[CP] Check Pods Manifest.lock";
			outputFileListPaths = (
			);
			outputPaths = (
				"$(DERIVED_FILE_DIR)/Pods-BlefTests-checkManifestLockResult.txt",
			);
			runOnlyForDeploymentPostprocessing = 0;
			shellPath = /bin/sh;
			shellScript = "diff \"${PODS_PODFILE_DIR_PATH}/Podfile.lock\" \"${PODS_ROOT}/Manifest.lock\" > /dev/null\nif [ $? != 0 ] ; then\n    # print error to STDERR\n    echo \"error: The sandbox is not in sync with the Podfile.lock. Run 'pod install' or update your CocoaPods installation.\" >&2\n    exit 1\nfi\n# This output is used by Xcode 'outputs' to avoid re-running this script phase.\necho \"SUCCESS\" > \"${SCRIPT_OUTPUT_FILE_0}\"\n";
			showEnvVarsInLog = 0;
		};
		E741CD249A216F9DCFA69E16 /* [CP] Embed Pods Frameworks */ = {
			isa = PBXShellScriptBuildPhase;
			buildActionMask = 2147483647;
			files = (
			);
			inputFileListPaths = (
				"${PODS_ROOT}/Target Support Files/Pods-Blef/Pods-Blef-frameworks-${CONFIGURATION}-input-files.xcfilelist",
			);
			name = "[CP] Embed Pods Frameworks";
			outputFileListPaths = (
				"${PODS_ROOT}/Target Support Files/Pods-Blef/Pods-Blef-frameworks-${CONFIGURATION}-output-files.xcfilelist",
			);
			runOnlyForDeploymentPostprocessing = 0;
			shellPath = /bin/sh;
			shellScript = "\"${PODS_ROOT}/Target Support Files/Pods-Blef/Pods-Blef-frameworks.sh\"\n";
			showEnvVarsInLog = 0;
		};
/* End PBXShellScriptBuildPhase section */

/* Begin PBXSourcesBuildPhase section */
		479E2A03244744EC004BF702 /* Sources */ = {
			isa = PBXSourcesBuildPhase;
			buildActionMask = 2147483647;
			files = (
				479E2A11244744EC004BF702 /* GameScene.swift in Sources */,
				479E2A13244744EC004BF702 /* GameViewController.swift in Sources */,
				47625DD7244A38CC0041E62D /* NewGame.swift in Sources */,
				479E2A0B244744EC004BF702 /* AppDelegate.swift in Sources */,
				47F2E91E2448C268006DCB5C /* StartScene.swift in Sources */,
				472E2081244979C2005915A0 /* GameManager.swift in Sources */,
				47625DD9244A44FF0041E62D /* ErrorResponse.swift in Sources */,
				47F035F7244B0BFE000136C1 /* Game.swift in Sources */,
			);
			runOnlyForDeploymentPostprocessing = 0;
		};
		479E2A1D244744EF004BF702 /* Sources */ = {
			isa = PBXSourcesBuildPhase;
			buildActionMask = 2147483647;
			files = (
				479E2A26244744EF004BF702 /* BlefTests.swift in Sources */,
			);
			runOnlyForDeploymentPostprocessing = 0;
		};
		479E2A28244744EF004BF702 /* Sources */ = {
			isa = PBXSourcesBuildPhase;
			buildActionMask = 2147483647;
			files = (
				479E2A31244744EF004BF702 /* BlefUITests.swift in Sources */,
			);
			runOnlyForDeploymentPostprocessing = 0;
		};
/* End PBXSourcesBuildPhase section */

/* Begin PBXTargetDependency section */
		479E2A23244744EF004BF702 /* PBXTargetDependency */ = {
			isa = PBXTargetDependency;
			target = 479E2A06244744EC004BF702 /* Blef */;
			targetProxy = 479E2A22244744EF004BF702 /* PBXContainerItemProxy */;
		};
		479E2A2E244744EF004BF702 /* PBXTargetDependency */ = {
			isa = PBXTargetDependency;
			target = 479E2A06244744EC004BF702 /* Blef */;
			targetProxy = 479E2A2D244744EF004BF702 /* PBXContainerItemProxy */;
		};
/* End PBXTargetDependency section */

/* Begin PBXVariantGroup section */
		479E2A14244744EC004BF702 /* Main.storyboard */ = {
			isa = PBXVariantGroup;
			children = (
				479E2A15244744EC004BF702 /* Base */,
			);
			name = Main.storyboard;
			sourceTree = "<group>";
		};
		479E2A19244744EF004BF702 /* LaunchScreen.storyboard */ = {
			isa = PBXVariantGroup;
			children = (
				479E2A1A244744EF004BF702 /* Base */,
			);
			name = LaunchScreen.storyboard;
			sourceTree = "<group>";
		};
/* End PBXVariantGroup section */

/* Begin XCBuildConfiguration section */
		479E2A33244744EF004BF702 /* Debug */ = {
			isa = XCBuildConfiguration;
			buildSettings = {
				ALWAYS_SEARCH_USER_PATHS = NO;
				CLANG_ANALYZER_NONNULL = YES;
				CLANG_ANALYZER_NUMBER_OBJECT_CONVERSION = YES_AGGRESSIVE;
				CLANG_CXX_LANGUAGE_STANDARD = "gnu++14";
				CLANG_CXX_LIBRARY = "libc++";
				CLANG_ENABLE_MODULES = YES;
				CLANG_ENABLE_OBJC_ARC = YES;
				CLANG_ENABLE_OBJC_WEAK = YES;
				CLANG_WARN_BLOCK_CAPTURE_AUTORELEASING = YES;
				CLANG_WARN_BOOL_CONVERSION = YES;
				CLANG_WARN_COMMA = YES;
				CLANG_WARN_CONSTANT_CONVERSION = YES;
				CLANG_WARN_DEPRECATED_OBJC_IMPLEMENTATIONS = YES;
				CLANG_WARN_DIRECT_OBJC_ISA_USAGE = YES_ERROR;
				CLANG_WARN_DOCUMENTATION_COMMENTS = YES;
				CLANG_WARN_EMPTY_BODY = YES;
				CLANG_WARN_ENUM_CONVERSION = YES;
				CLANG_WARN_INFINITE_RECURSION = YES;
				CLANG_WARN_INT_CONVERSION = YES;
				CLANG_WARN_NON_LITERAL_NULL_CONVERSION = YES;
				CLANG_WARN_OBJC_IMPLICIT_RETAIN_SELF = YES;
				CLANG_WARN_OBJC_LITERAL_CONVERSION = YES;
				CLANG_WARN_OBJC_ROOT_CLASS = YES_ERROR;
				CLANG_WARN_RANGE_LOOP_ANALYSIS = YES;
				CLANG_WARN_STRICT_PROTOTYPES = YES;
				CLANG_WARN_SUSPICIOUS_MOVE = YES;
				CLANG_WARN_UNGUARDED_AVAILABILITY = YES_AGGRESSIVE;
				CLANG_WARN_UNREACHABLE_CODE = YES;
				CLANG_WARN__DUPLICATE_METHOD_MATCH = YES;
				COPY_PHASE_STRIP = NO;
				DEBUG_INFORMATION_FORMAT = dwarf;
				ENABLE_STRICT_OBJC_MSGSEND = YES;
				ENABLE_TESTABILITY = YES;
				GCC_C_LANGUAGE_STANDARD = gnu11;
				GCC_DYNAMIC_NO_PIC = NO;
				GCC_NO_COMMON_BLOCKS = YES;
				GCC_OPTIMIZATION_LEVEL = 0;
				GCC_PREPROCESSOR_DEFINITIONS = (
					"DEBUG=1",
					"$(inherited)",
				);
				GCC_WARN_64_TO_32_BIT_CONVERSION = YES;
				GCC_WARN_ABOUT_RETURN_TYPE = YES_ERROR;
				GCC_WARN_UNDECLARED_SELECTOR = YES;
				GCC_WARN_UNINITIALIZED_AUTOS = YES_AGGRESSIVE;
				GCC_WARN_UNUSED_FUNCTION = YES;
				GCC_WARN_UNUSED_VARIABLE = YES;
				IPHONEOS_DEPLOYMENT_TARGET = 13.4;
				MTL_ENABLE_DEBUG_INFO = INCLUDE_SOURCE;
				MTL_FAST_MATH = YES;
				ONLY_ACTIVE_ARCH = YES;
				SDKROOT = iphoneos;
				SWIFT_ACTIVE_COMPILATION_CONDITIONS = DEBUG;
				SWIFT_OPTIMIZATION_LEVEL = "-Onone";
			};
			name = Debug;
		};
		479E2A34244744EF004BF702 /* Release */ = {
			isa = XCBuildConfiguration;
			buildSettings = {
				ALWAYS_SEARCH_USER_PATHS = NO;
				CLANG_ANALYZER_NONNULL = YES;
				CLANG_ANALYZER_NUMBER_OBJECT_CONVERSION = YES_AGGRESSIVE;
				CLANG_CXX_LANGUAGE_STANDARD = "gnu++14";
				CLANG_CXX_LIBRARY = "libc++";
				CLANG_ENABLE_MODULES = YES;
				CLANG_ENABLE_OBJC_ARC = YES;
				CLANG_ENABLE_OBJC_WEAK = YES;
				CLANG_WARN_BLOCK_CAPTURE_AUTORELEASING = YES;
				CLANG_WARN_BOOL_CONVERSION = YES;
				CLANG_WARN_COMMA = YES;
				CLANG_WARN_CONSTANT_CONVERSION = YES;
				CLANG_WARN_DEPRECATED_OBJC_IMPLEMENTATIONS = YES;
				CLANG_WARN_DIRECT_OBJC_ISA_USAGE = YES_ERROR;
				CLANG_WARN_DOCUMENTATION_COMMENTS = YES;
				CLANG_WARN_EMPTY_BODY = YES;
				CLANG_WARN_ENUM_CONVERSION = YES;
				CLANG_WARN_INFINITE_RECURSION = YES;
				CLANG_WARN_INT_CONVERSION = YES;
				CLANG_WARN_NON_LITERAL_NULL_CONVERSION = YES;
				CLANG_WARN_OBJC_IMPLICIT_RETAIN_SELF = YES;
				CLANG_WARN_OBJC_LITERAL_CONVERSION = YES;
				CLANG_WARN_OBJC_ROOT_CLASS = YES_ERROR;
				CLANG_WARN_RANGE_LOOP_ANALYSIS = YES;
				CLANG_WARN_STRICT_PROTOTYPES = YES;
				CLANG_WARN_SUSPICIOUS_MOVE = YES;
				CLANG_WARN_UNGUARDED_AVAILABILITY = YES_AGGRESSIVE;
				CLANG_WARN_UNREACHABLE_CODE = YES;
				CLANG_WARN__DUPLICATE_METHOD_MATCH = YES;
				COPY_PHASE_STRIP = NO;
				DEBUG_INFORMATION_FORMAT = "dwarf-with-dsym";
				ENABLE_NS_ASSERTIONS = NO;
				ENABLE_STRICT_OBJC_MSGSEND = YES;
				GCC_C_LANGUAGE_STANDARD = gnu11;
				GCC_NO_COMMON_BLOCKS = YES;
				GCC_WARN_64_TO_32_BIT_CONVERSION = YES;
				GCC_WARN_ABOUT_RETURN_TYPE = YES_ERROR;
				GCC_WARN_UNDECLARED_SELECTOR = YES;
				GCC_WARN_UNINITIALIZED_AUTOS = YES_AGGRESSIVE;
				GCC_WARN_UNUSED_FUNCTION = YES;
				GCC_WARN_UNUSED_VARIABLE = YES;
				IPHONEOS_DEPLOYMENT_TARGET = 13.4;
				MTL_ENABLE_DEBUG_INFO = NO;
				MTL_FAST_MATH = YES;
				SDKROOT = iphoneos;
				SWIFT_COMPILATION_MODE = wholemodule;
				SWIFT_OPTIMIZATION_LEVEL = "-O";
				VALIDATE_PRODUCT = YES;
			};
			name = Release;
		};
		479E2A36244744EF004BF702 /* Debug */ = {
			isa = XCBuildConfiguration;
			baseConfigurationReference = ECF6182C272A9A79922F135D /* Pods-Blef.debug.xcconfig */;
			buildSettings = {
				ASSETCATALOG_COMPILER_APPICON_NAME = AppIcon;
				CODE_SIGN_STYLE = Automatic;
				DEVELOPMENT_TEAM = VM3JW47SKD;
				INFOPLIST_FILE = Blef/Info.plist;
				LD_RUNPATH_SEARCH_PATHS = (
					"$(inherited)",
					"@executable_path/Frameworks",
				);
				PRODUCT_BUNDLE_IDENTIFIER = com.blefteam.Blef;
				PRODUCT_NAME = "$(TARGET_NAME)";
				SWIFT_VERSION = 5.0;
				TARGETED_DEVICE_FAMILY = "1,2";
			};
			name = Debug;
		};
		479E2A37244744EF004BF702 /* Release */ = {
			isa = XCBuildConfiguration;
			baseConfigurationReference = 222ABF8AD9CD78513D75CE1E /* Pods-Blef.release.xcconfig */;
			buildSettings = {
				ASSETCATALOG_COMPILER_APPICON_NAME = AppIcon;
				CODE_SIGN_STYLE = Automatic;
				DEVELOPMENT_TEAM = VM3JW47SKD;
				INFOPLIST_FILE = Blef/Info.plist;
				LD_RUNPATH_SEARCH_PATHS = (
					"$(inherited)",
					"@executable_path/Frameworks",
				);
				PRODUCT_BUNDLE_IDENTIFIER = com.blefteam.Blef;
				PRODUCT_NAME = "$(TARGET_NAME)";
				SWIFT_VERSION = 5.0;
				TARGETED_DEVICE_FAMILY = "1,2";
			};
			name = Release;
		};
		479E2A39244744EF004BF702 /* Debug */ = {
			isa = XCBuildConfiguration;
			baseConfigurationReference = 974D9EEC0762DB82523E4472 /* Pods-BlefTests.debug.xcconfig */;
			buildSettings = {
				ALWAYS_EMBED_SWIFT_STANDARD_LIBRARIES = YES;
				BUNDLE_LOADER = "$(TEST_HOST)";
				CODE_SIGN_STYLE = Automatic;
				DEVELOPMENT_TEAM = VM3JW47SKD;
				INFOPLIST_FILE = BlefTests/Info.plist;
				IPHONEOS_DEPLOYMENT_TARGET = 13.4;
				LD_RUNPATH_SEARCH_PATHS = (
					"$(inherited)",
					"@executable_path/Frameworks",
					"@loader_path/Frameworks",
				);
				PRODUCT_BUNDLE_IDENTIFIER = com.blefteam.BlefTests;
				PRODUCT_NAME = "$(TARGET_NAME)";
				SWIFT_VERSION = 5.0;
				TARGETED_DEVICE_FAMILY = "1,2";
				TEST_HOST = "$(BUILT_PRODUCTS_DIR)/Blef.app/Blef";
			};
			name = Debug;
		};
		479E2A3A244744EF004BF702 /* Release */ = {
			isa = XCBuildConfiguration;
			baseConfigurationReference = F4754D6EFAB68AE4EE88393D /* Pods-BlefTests.release.xcconfig */;
			buildSettings = {
				ALWAYS_EMBED_SWIFT_STANDARD_LIBRARIES = YES;
				BUNDLE_LOADER = "$(TEST_HOST)";
				CODE_SIGN_STYLE = Automatic;
				DEVELOPMENT_TEAM = VM3JW47SKD;
				INFOPLIST_FILE = BlefTests/Info.plist;
				IPHONEOS_DEPLOYMENT_TARGET = 13.4;
				LD_RUNPATH_SEARCH_PATHS = (
					"$(inherited)",
					"@executable_path/Frameworks",
					"@loader_path/Frameworks",
				);
				PRODUCT_BUNDLE_IDENTIFIER = com.blefteam.BlefTests;
				PRODUCT_NAME = "$(TARGET_NAME)";
				SWIFT_VERSION = 5.0;
				TARGETED_DEVICE_FAMILY = "1,2";
				TEST_HOST = "$(BUILT_PRODUCTS_DIR)/Blef.app/Blef";
			};
			name = Release;
		};
		479E2A3C244744EF004BF702 /* Debug */ = {
			isa = XCBuildConfiguration;
			baseConfigurationReference = B865AE86C46ACA36206904BD /* Pods-Blef-BlefUITests.debug.xcconfig */;
			buildSettings = {
				ALWAYS_EMBED_SWIFT_STANDARD_LIBRARIES = YES;
				CODE_SIGN_STYLE = Automatic;
				DEVELOPMENT_TEAM = VM3JW47SKD;
				INFOPLIST_FILE = BlefUITests/Info.plist;
				LD_RUNPATH_SEARCH_PATHS = (
					"$(inherited)",
					"@executable_path/Frameworks",
					"@loader_path/Frameworks",
				);
				PRODUCT_BUNDLE_IDENTIFIER = com.blefteam.BlefUITests;
				PRODUCT_NAME = "$(TARGET_NAME)";
				SWIFT_VERSION = 5.0;
				TARGETED_DEVICE_FAMILY = "1,2";
				TEST_TARGET_NAME = Blef;
			};
			name = Debug;
		};
		479E2A3D244744EF004BF702 /* Release */ = {
			isa = XCBuildConfiguration;
			baseConfigurationReference = F2F560FAD5F5EB3F7043382A /* Pods-Blef-BlefUITests.release.xcconfig */;
			buildSettings = {
				ALWAYS_EMBED_SWIFT_STANDARD_LIBRARIES = YES;
				CODE_SIGN_STYLE = Automatic;
				DEVELOPMENT_TEAM = VM3JW47SKD;
				INFOPLIST_FILE = BlefUITests/Info.plist;
				LD_RUNPATH_SEARCH_PATHS = (
					"$(inherited)",
					"@executable_path/Frameworks",
					"@loader_path/Frameworks",
				);
				PRODUCT_BUNDLE_IDENTIFIER = com.blefteam.BlefUITests;
				PRODUCT_NAME = "$(TARGET_NAME)";
				SWIFT_VERSION = 5.0;
				TARGETED_DEVICE_FAMILY = "1,2";
				TEST_TARGET_NAME = Blef;
			};
			name = Release;
		};
/* End XCBuildConfiguration section */

/* Begin XCConfigurationList section */
		479E2A02244744EC004BF702 /* Build configuration list for PBXProject "Blef" */ = {
			isa = XCConfigurationList;
			buildConfigurations = (
				479E2A33244744EF004BF702 /* Debug */,
				479E2A34244744EF004BF702 /* Release */,
			);
			defaultConfigurationIsVisible = 0;
			defaultConfigurationName = Release;
		};
		479E2A35244744EF004BF702 /* Build configuration list for PBXNativeTarget "Blef" */ = {
			isa = XCConfigurationList;
			buildConfigurations = (
				479E2A36244744EF004BF702 /* Debug */,
				479E2A37244744EF004BF702 /* Release */,
			);
			defaultConfigurationIsVisible = 0;
			defaultConfigurationName = Release;
		};
		479E2A38244744EF004BF702 /* Build configuration list for PBXNativeTarget "BlefTests" */ = {
			isa = XCConfigurationList;
			buildConfigurations = (
				479E2A39244744EF004BF702 /* Debug */,
				479E2A3A244744EF004BF702 /* Release */,
			);
			defaultConfigurationIsVisible = 0;
			defaultConfigurationName = Release;
		};
		479E2A3B244744EF004BF702 /* Build configuration list for PBXNativeTarget "BlefUITests" */ = {
			isa = XCConfigurationList;
			buildConfigurations = (
				479E2A3C244744EF004BF702 /* Debug */,
				479E2A3D244744EF004BF702 /* Release */,
			);
			defaultConfigurationIsVisible = 0;
			defaultConfigurationName = Release;
		};
/* End XCConfigurationList section */
	};
	rootObject = 479E29FF244744EC004BF702 /* Project object */;
}
